Microsoft Visual Studio Solution File, Format Version 12.00
# Visual Studio Version 17
VisualStudioVersion = 17.5.2.0
MinimumVisualStudioVersion = 10.0.40219.1
Project("{FAE04EC0-301F-11D3-BF4B-00C04F79EFBC}") = "preparacion_pt_bdv", "preparacion_pt_bdv.csproj", "{84B959DA-D8CC-B3F6-1DC3-B98512BB7D79}"
EndProject
Global
	GlobalSection(SolutionConfigurationPlatforms) = preSolution
		Debug|Any CPU = Debug|Any CPU
		Release|Any CPU = Release|Any CPU
	EndGlobalSection
	GlobalSection(ProjectConfigurationPlatforms) = postSolution
		{84B959DA-D8CC-B3F6-1DC3-B98512BB7D79}.Debug|Any CPU.ActiveCfg = Debug|Any CPU
		{84B959DA-D8CC-B3F6-1DC3-B98512BB7D79}.Debug|Any CPU.Build.0 = Debug|Any CPU
		{84B959DA-D8CC-B3F6-1DC3-B98512BB7D79}.Release|Any CPU.ActiveCfg = Release|Any CPU
		{84B959DA-D8CC-B3F6-1DC3-B98512BB7D79}.Release|Any CPU.Build.0 = Release|Any CPU
	EndGlobalSection
	GlobalSection(SolutionProperties) = preSolution
		HideSolutionNode = FALSE
	EndGlobalSection
	GlobalSection(ExtensibilityGlobals) = postSolution
		SolutionGuid = {A28E7371-6297-4F34-8B8A-411102047E65}
	EndGlobalSection
EndGlobal
